
Microsoft Visual Studio Solution File, Format Version 12.00
# Visual Studio 2013
VisualStudioVersion = 12.0.31101.0
MinimumVisualStudioVersion = 10.0.40219.1
Project("{FAE04EC0-301F-11D3-BF4B-00C04F79EFBC}") = "ComputeCollisionCylinderPoint", "ComputeCollisionCylinderPoint\ComputeCollisionCylinderPoint.csproj", "{7A717826-946D-45F1-BBE8-E93F621101C3}"
EndProject
Global
	GlobalSection(SolutionConfigurationPlatforms) = preSolution
		Debug|Any CPU = Debug|Any CPU
		Release|Any CPU = Release|Any CPU
	EndGlobalSection
	GlobalSection(ProjectConfigurationPlatforms) = postSolution
		{7A717826-946D-45F1-BBE8-E93F621101C3}.Debug|Any CPU.ActiveCfg = Debug|Any CPU
		{7A717826-946D-45F1-BBE8-E93F621101C3}.Debug|Any CPU.Build.0 = Debug|Any CPU
		{7A717826-946D-45F1-BBE8-E93F621101C3}.Release|Any CPU.ActiveCfg = Release|Any CPU
		{7A717826-946D-45F1-BBE8-E93F621101C3}.Release|Any CPU.Build.0 = Release|Any CPU
	EndGlobalSection
	GlobalSection(SolutionProperties) = preSolution
		HideSolutionNode = FALSE
	EndGlobalSection
EndGlobal
